// !$*UTF8*$!
{
	archiveVersion = 1;
	classes = {
	};
	objectVersion = 46;
	objects = {

/* Begin PBXBuildFile section */
		4827847C14336D260039E90F /* main.cpp in Sources */ = {isa = PBXBuildFile; fileRef = 4827847B14336D260039E90F /* main.cpp */; };
		48278497144348330039E90F /* OSCSend.cpp in Sources */ = {isa = PBXBuildFile; fileRef = 48278494144348320039E90F /* OSCSend.cpp */; };
		48278498144348330039E90F /* OSCReceive.cpp in Sources */ = {isa = PBXBuildFile; fileRef = 48278496144348330039E90F /* OSCReceive.cpp */; };
		4827849B1443499B0039E90F /* liboscpack.a in Frameworks */ = {isa = PBXBuildFile; fileRef = 4827849A1443499B0039E90F /* liboscpack.a */; };
		48B2CC9F145EF359008D5FC9 /* AccumulationEncoder.cpp in Sources */ = {isa = PBXBuildFile; fileRef = 48B2CC9D145EF359008D5FC9 /* AccumulationEncoder.cpp */; };
		A0047D6E1443603F00D839E0 /* SpatialEncoder.cpp in Sources */ = {isa = PBXBuildFile; fileRef = A0047D6C1443603F00D839E0 /* SpatialEncoder.cpp */; };
		A00F2E0A1461DCBF00AFB341 /* TonalityEncoder.cpp in Sources */ = {isa = PBXBuildFile; fileRef = A00F2E081461DCBE00AFB341 /* TonalityEncoder.cpp */; };
		A00F2E0E14621C5500AFB341 /* SampledEncoder.cpp in Sources */ = {isa = PBXBuildFile; fileRef = A00F2E0C14621C5400AFB341 /* SampledEncoder.cpp */; };
		A04304D01459A29F00C8658A /* WaveletEncoder.cpp in Sources */ = {isa = PBXBuildFile; fileRef = A04304CE1459A29F00C8658A /* WaveletEncoder.cpp */; };
		A04304D41459A8BD00C8658A /* MappedEncoder.cpp in Sources */ = {isa = PBXBuildFile; fileRef = A04304D21459A8BC00C8658A /* MappedEncoder.cpp */; };
		A05BB0FC147230E50025AFDC /* RhythmEncoder.cpp in Sources */ = {isa = PBXBuildFile; fileRef = A05BB0FA147230E50025AFDC /* RhythmEncoder.cpp */; };
		A0A5093C1442AFC50055395A /* ReinforcementLearner.cpp in Sources */ = {isa = PBXBuildFile; fileRef = A0A5093A1442AFC50055395A /* ReinforcementLearner.cpp */; };
		A0A509401442B44D0055395A /* artCategory.cpp in Sources */ = {isa = PBXBuildFile; fileRef = A0A5093E1442B44D0055395A /* artCategory.cpp */; };
		A0A509431442BE9C0055395A /* ART.cpp in Sources */ = {isa = PBXBuildFile; fileRef = A0A509411442BE9C0055395A /* ART.cpp */; };
		A0CFD6D71463049F006E09E6 /* FeatureDistanceEncoder.cpp in Sources */ = {isa = PBXBuildFile; fileRef = A0CFD6D51463049E006E09E6 /* FeatureDistanceEncoder.cpp */; };
		A0DA01151481DD4300BFB5D1 /* WindowEncoder.cpp in Sources */ = {isa = PBXBuildFile; fileRef = A0DA01131481DD4300BFB5D1 /* WindowEncoder.cpp */; };
/* End PBXBuildFile section */

/* Begin PBXCopyFilesBuildPhase section */
		4827847514336D260039E90F /* CopyFiles */ = {
			isa = PBXCopyFilesBuildPhase;
			buildActionMask = 2147483647;
			dstPath = /usr/share/man/man1/;
			dstSubfolderSpec = 0;
			files = (
			);
			runOnlyForDeploymentPostprocessing = 1;
		};
/* End PBXCopyFilesBuildPhase section */

/* Begin PBXFileReference section */
		4827847714336D260039E90F /* PianoPlayer */ = {isa = PBXFileReference; explicitFileType = "compiled.mach-o.executable"; includeInIndex = 0; path = PianoPlayer; sourceTree = BUILT_PRODUCTS_DIR; };
		4827847B14336D260039E90F /* main.cpp */ = {isa = PBXFileReference; lastKnownFileType = sourcecode.cpp.cpp; lineEnding = 0; path = main.cpp; sourceTree = "<group>"; xcLanguageSpecificationIdentifier = xcode.lang.cpp; };
		4827847D14336D260039E90F /* PianoPlayer.1 */ = {isa = PBXFileReference; lastKnownFileType = text.man; path = PianoPlayer.1; sourceTree = "<group>"; };
		48278493144348320039E90F /* OSCSend.h */ = {isa = PBXFileReference; fileEncoding = 4; lastKnownFileType = sourcecode.c.h; path = OSCSend.h; sourceTree = "<group>"; };
		48278494144348320039E90F /* OSCSend.cpp */ = {isa = PBXFileReference; fileEncoding = 4; lastKnownFileType = sourcecode.cpp.cpp; path = OSCSend.cpp; sourceTree = "<group>"; };
		48278495144348320039E90F /* OSCReceive.h */ = {isa = PBXFileReference; fileEncoding = 4; lastKnownFileType = sourcecode.c.h; path = OSCReceive.h; sourceTree = "<group>"; };
		48278496144348330039E90F /* OSCReceive.cpp */ = {isa = PBXFileReference; fileEncoding = 4; lastKnownFileType = sourcecode.cpp.cpp; lineEnding = 0; path = OSCReceive.cpp; sourceTree = "<group>"; xcLanguageSpecificationIdentifier = xcode.lang.cpp; };
		4827849A1443499B0039E90F /* liboscpack.a */ = {isa = PBXFileReference; lastKnownFileType = archive.ar; name = liboscpack.a; path = code/oscpack/Mac/build/Release/liboscpack.a; sourceTree = DEVELOPER_DIR; };
		48B2CC9D145EF359008D5FC9 /* AccumulationEncoder.cpp */ = {isa = PBXFileReference; fileEncoding = 4; lastKnownFileType = sourcecode.cpp.cpp; path = AccumulationEncoder.cpp; sourceTree = "<group>"; };
		48B2CC9E145EF359008D5FC9 /* AccumulationEncoder.h */ = {isa = PBXFileReference; fileEncoding = 4; lastKnownFileType = sourcecode.c.h; path = AccumulationEncoder.h; sourceTree = "<group>"; };
		A0047D6C1443603F00D839E0 /* SpatialEncoder.cpp */ = {isa = PBXFileReference; fileEncoding = 4; lastKnownFileType = sourcecode.cpp.cpp; lineEnding = 0; path = SpatialEncoder.cpp; sourceTree = "<group>"; xcLanguageSpecificationIdentifier = xcode.lang.cpp; };
		A0047D6D1443603F00D839E0 /* SpatialEncoder.h */ = {isa = PBXFileReference; fileEncoding = 4; lastKnownFileType = sourcecode.c.h; path = SpatialEncoder.h; sourceTree = "<group>"; };
		A00F2E081461DCBE00AFB341 /* TonalityEncoder.cpp */ = {isa = PBXFileReference; fileEncoding = 4; lastKnownFileType = sourcecode.cpp.cpp; path = TonalityEncoder.cpp; sourceTree = "<group>"; };
		A00F2E091461DCBE00AFB341 /* TonalityEncoder.h */ = {isa = PBXFileReference; fileEncoding = 4; lastKnownFileType = sourcecode.c.h; path = TonalityEncoder.h; sourceTree = "<group>"; };
		A00F2E0C14621C5400AFB341 /* SampledEncoder.cpp */ = {isa = PBXFileReference; fileEncoding = 4; lastKnownFileType = sourcecode.cpp.cpp; path = SampledEncoder.cpp; sourceTree = "<group>"; };
		A00F2E0D14621C5400AFB341 /* SampledEncoder.h */ = {isa = PBXFileReference; fileEncoding = 4; lastKnownFileType = sourcecode.c.h; path = SampledEncoder.h; sourceTree = "<group>"; };
		A04304CE1459A29F00C8658A /* WaveletEncoder.cpp */ = {isa = PBXFileReference; fileEncoding = 4; lastKnownFileType = sourcecode.cpp.cpp; path = WaveletEncoder.cpp; sourceTree = "<group>"; };
		A04304CF1459A29F00C8658A /* WaveletEncoder.h */ = {isa = PBXFileReference; fileEncoding = 4; lastKnownFileType = sourcecode.c.h; path = WaveletEncoder.h; sourceTree = "<group>"; };
		A04304D21459A8BC00C8658A /* MappedEncoder.cpp */ = {isa = PBXFileReference; fileEncoding = 4; lastKnownFileType = sourcecode.cpp.cpp; path = MappedEncoder.cpp; sourceTree = "<group>"; };
		A04304D31459A8BD00C8658A /* MappedEncoder.h */ = {isa = PBXFileReference; fileEncoding = 4; lastKnownFileType = sourcecode.c.h; path = MappedEncoder.h; sourceTree = "<group>"; };
		A05BB0FA147230E50025AFDC /* RhythmEncoder.cpp */ = {isa = PBXFileReference; fileEncoding = 4; lastKnownFileType = sourcecode.cpp.cpp; path = RhythmEncoder.cpp; sourceTree = "<group>"; };
		A05BB0FB147230E50025AFDC /* RhythmEncoder.h */ = {isa = PBXFileReference; fileEncoding = 4; lastKnownFileType = sourcecode.c.h; path = RhythmEncoder.h; sourceTree = "<group>"; };
		A0A5093A1442AFC50055395A /* ReinforcementLearner.cpp */ = {isa = PBXFileReference; fileEncoding = 4; lastKnownFileType = sourcecode.cpp.cpp; path = ReinforcementLearner.cpp; sourceTree = "<group>"; };
		A0A5093B1442AFC50055395A /* ReinforcementLearner.h */ = {isa = PBXFileReference; fileEncoding = 4; lastKnownFileType = sourcecode.c.h; lineEnding = 0; path = ReinforcementLearner.h; sourceTree = "<group>"; xcLanguageSpecificationIdentifier = xcode.lang.objcpp; };
		A0A5093E1442B44D0055395A /* artCategory.cpp */ = {isa = PBXFileReference; fileEncoding = 4; lastKnownFileType = sourcecode.cpp.cpp; lineEnding = 0; path = artCategory.cpp; sourceTree = "<group>"; xcLanguageSpecificationIdentifier = xcode.lang.cpp; };
		A0A5093F1442B44D0055395A /* artCategory.h */ = {isa = PBXFileReference; fileEncoding = 4; lastKnownFileType = sourcecode.c.h; path = artCategory.h; sourceTree = "<group>"; };
		A0A509411442BE9C0055395A /* ART.cpp */ = {isa = PBXFileReference; fileEncoding = 4; lastKnownFileType = sourcecode.cpp.cpp; path = ART.cpp; sourceTree = "<group>"; };
		A0A509421442BE9C0055395A /* ART.h */ = {isa = PBXFileReference; fileEncoding = 4; lastKnownFileType = sourcecode.c.h; lineEnding = 0; path = ART.h; sourceTree = "<group>"; xcLanguageSpecificationIdentifier = xcode.lang.objcpp; };
		A0CFD6D51463049E006E09E6 /* FeatureDistanceEncoder.cpp */ = {isa = PBXFileReference; fileEncoding = 4; lastKnownFileType = sourcecode.cpp.cpp; path = FeatureDistanceEncoder.cpp; sourceTree = "<group>"; };
		A0CFD6D61463049F006E09E6 /* FeatureDistanceEncoder.h */ = {isa = PBXFileReference; fileEncoding = 4; lastKnownFileType = sourcecode.c.h; path = FeatureDistanceEncoder.h; sourceTree = "<group>"; };
		A0DA01131481DD4300BFB5D1 /* WindowEncoder.cpp */ = {isa = PBXFileReference; fileEncoding = 4; lastKnownFileType = sourcecode.cpp.cpp; path = WindowEncoder.cpp; sourceTree = "<group>"; };
		A0DA01141481DD4300BFB5D1 /* WindowEncoder.h */ = {isa = PBXFileReference; fileEncoding = 4; lastKnownFileType = sourcecode.c.h; path = WindowEncoder.h; sourceTree = "<group>"; };
/* End PBXFileReference section */

/* Begin PBXFrameworksBuildPhase section */
		4827847414336D260039E90F /* Frameworks */ = {
			isa = PBXFrameworksBuildPhase;
			buildActionMask = 2147483647;
			files = (
				4827849B1443499B0039E90F /* liboscpack.a in Frameworks */,
			);
			runOnlyForDeploymentPostprocessing = 0;
		};
/* End PBXFrameworksBuildPhase section */

/* Begin PBXGroup section */
		4827846C14336D260039E90F = {
			isa = PBXGroup;
			children = (
				4827847A14336D260039E90F /* PianoPlayer */,
				4827847814336D260039E90F /* Products */,
			);
			sourceTree = "<group>";
		};
		4827847814336D260039E90F /* Products */ = {
			isa = PBXGroup;
			children = (
				4827847714336D260039E90F /* PianoPlayer */,
			);
			name = Products;
			sourceTree = "<group>";
		};
		4827847A14336D260039E90F /* PianoPlayer */ = {
			isa = PBXGroup;
			children = (
				4827849A1443499B0039E90F /* liboscpack.a */,
				48278493144348320039E90F /* OSCSend.h */,
				48278494144348320039E90F /* OSCSend.cpp */,
				48278495144348320039E90F /* OSCReceive.h */,
				48278496144348330039E90F /* OSCReceive.cpp */,
				4827847B14336D260039E90F /* main.cpp */,
				4827847D14336D260039E90F /* PianoPlayer.1 */,
				A0A5093B1442AFC50055395A /* ReinforcementLearner.h */,
				A0A5093A1442AFC50055395A /* ReinforcementLearner.cpp */,
				A05BB0FA147230E50025AFDC /* RhythmEncoder.cpp */,
				A05BB0FB147230E50025AFDC /* RhythmEncoder.h */,
				A0A5093E1442B44D0055395A /* artCategory.cpp */,
				A0A5093F1442B44D0055395A /* artCategory.h */,
				A0A509411442BE9C0055395A /* ART.cpp */,
				A0A509421442BE9C0055395A /* ART.h */,
				A0047D6C1443603F00D839E0 /* SpatialEncoder.cpp */,
				A0047D6D1443603F00D839E0 /* SpatialEncoder.h */,
				A04304D21459A8BC00C8658A /* MappedEncoder.cpp */,
				A04304D31459A8BD00C8658A /* MappedEncoder.h */,
				A04304CE1459A29F00C8658A /* WaveletEncoder.cpp */,
				A04304CF1459A29F00C8658A /* WaveletEncoder.h */,
				48B2CC9D145EF359008D5FC9 /* AccumulationEncoder.cpp */,
				48B2CC9E145EF359008D5FC9 /* AccumulationEncoder.h */,
				A00F2E081461DCBE00AFB341 /* TonalityEncoder.cpp */,
				A00F2E091461DCBE00AFB341 /* TonalityEncoder.h */,
				A00F2E0C14621C5400AFB341 /* SampledEncoder.cpp */,
				A00F2E0D14621C5400AFB341 /* SampledEncoder.h */,
				A0CFD6D51463049E006E09E6 /* FeatureDistanceEncoder.cpp */,
				A0CFD6D61463049F006E09E6 /* FeatureDistanceEncoder.h */,
				A0DA01131481DD4300BFB5D1 /* WindowEncoder.cpp */,
				A0DA01141481DD4300BFB5D1 /* WindowEncoder.h */,
			);
			path = PianoPlayer;
			sourceTree = "<group>";
		};
/* End PBXGroup section */

/* Begin PBXNativeTarget section */
		4827847614336D260039E90F /* PianoPlayer */ = {
			isa = PBXNativeTarget;
			buildConfigurationList = 4827848014336D260039E90F /* Build configuration list for PBXNativeTarget "PianoPlayer" */;
			buildPhases = (
				4827847314336D260039E90F /* Sources */,
				4827847414336D260039E90F /* Frameworks */,
				4827847514336D260039E90F /* CopyFiles */,
			);
			buildRules = (
			);
			dependencies = (
			);
			name = PianoPlayer;
			productName = PianoPlayer;
			productReference = 4827847714336D260039E90F /* PianoPlayer */;
			productType = "com.apple.product-type.tool";
		};
/* End PBXNativeTarget section */

/* Begin PBXProject section */
		4827846E14336D260039E90F /* Project object */ = {
			isa = PBXProject;
			buildConfigurationList = 4827847114336D260039E90F /* Build configuration list for PBXProject "PianoPlayer" */;
			compatibilityVersion = "Xcode 3.2";
			developmentRegion = English;
			hasScannedForEncodings = 0;
			knownRegions = (
				en,
			);
			mainGroup = 4827846C14336D260039E90F;
			productRefGroup = 4827847814336D260039E90F /* Products */;
			projectDirPath = "";
			projectRoot = "";
			targets = (
				4827847614336D260039E90F /* PianoPlayer */,
			);
		};
/* End PBXProject section */

/* Begin PBXSourcesBuildPhase section */
		4827847314336D260039E90F /* Sources */ = {
			isa = PBXSourcesBuildPhase;
			buildActionMask = 2147483647;
			files = (
				4827847C14336D260039E90F /* main.cpp in Sources */,
				A0A5093C1442AFC50055395A /* ReinforcementLearner.cpp in Sources */,
				A0A509401442B44D0055395A /* artCategory.cpp in Sources */,
				A0A509431442BE9C0055395A /* ART.cpp in Sources */,
				48278497144348330039E90F /* OSCSend.cpp in Sources */,
				48278498144348330039E90F /* OSCReceive.cpp in Sources */,
				A0047D6E1443603F00D839E0 /* SpatialEncoder.cpp in Sources */,
				A04304D01459A29F00C8658A /* WaveletEncoder.cpp in Sources */,
				A04304D41459A8BD00C8658A /* MappedEncoder.cpp in Sources */,
				48B2CC9F145EF359008D5FC9 /* AccumulationEncoder.cpp in Sources */,
				A00F2E0A1461DCBF00AFB341 /* TonalityEncoder.cpp in Sources */,
				A00F2E0E14621C5500AFB341 /* SampledEncoder.cpp in Sources */,
				A0CFD6D71463049F006E09E6 /* FeatureDistanceEncoder.cpp in Sources */,
				A05BB0FC147230E50025AFDC /* RhythmEncoder.cpp in Sources */,
				A0DA01151481DD4300BFB5D1 /* WindowEncoder.cpp in Sources */,
			);
			runOnlyForDeploymentPostprocessing = 0;
		};
/* End PBXSourcesBuildPhase section */

/* Begin XCBuildConfiguration section */
		4827847E14336D260039E90F /* Debug */ = {
			isa = XCBuildConfiguration;
			buildSettings = {
				ARCHS = "$(ARCHS_STANDARD_32_64_BIT)";
				GCC_C_LANGUAGE_STANDARD = gnu99;
				GCC_OPTIMIZATION_LEVEL = 0;
				GCC_PREPROCESSOR_DEFINITIONS = DEBUG;
				GCC_SYMBOLS_PRIVATE_EXTERN = NO;
				GCC_VERSION = com.apple.compilers.llvm.clang.1_0;
				GCC_WARN_64_TO_32_BIT_CONVERSION = YES;
				GCC_WARN_ABOUT_RETURN_TYPE = YES;
				GCC_WARN_UNUSED_VARIABLE = YES;
				MACOSX_DEPLOYMENT_TARGET = 10.6;
				ONLY_ACTIVE_ARCH = YES;
				SDKROOT = macosx;
			};
			name = Debug;
		};
		4827847F14336D260039E90F /* Release */ = {
			isa = XCBuildConfiguration;
			buildSettings = {
				ARCHS = "$(ARCHS_STANDARD_32_64_BIT)";
				GCC_C_LANGUAGE_STANDARD = gnu99;
				GCC_VERSION = com.apple.compilers.llvm.clang.1_0;
				GCC_WARN_64_TO_32_BIT_CONVERSION = YES;
				GCC_WARN_ABOUT_RETURN_TYPE = YES;
				GCC_WARN_UNUSED_VARIABLE = YES;
				MACOSX_DEPLOYMENT_TARGET = 10.6;
				SDKROOT = macosx;
			};
			name = Release;
		};
		4827848114336D260039E90F /* Debug */ = {
			isa = XCBuildConfiguration;
			buildSettings = {
				ALWAYS_SEARCH_USER_PATHS = NO;
				COPY_PHASE_STRIP = NO;
				GCC_DYNAMIC_NO_PIC = NO;
				GCC_ENABLE_OBJC_EXCEPTIONS = YES;
				HEADER_SEARCH_PATHS = ../oscpack;
				LIBRARY_SEARCH_PATHS = (
					"$(inherited)",
					"\"$(DEVELOPER_DIR)/code/oscpack/Mac/build/Release\"",
				);
				PRODUCT_NAME = "$(TARGET_NAME)";
			};
			name = Debug;
		};
		4827848214336D260039E90F /* Release */ = {
			isa = XCBuildConfiguration;
			buildSettings = {
				ALWAYS_SEARCH_USER_PATHS = NO;
				COPY_PHASE_STRIP = YES;
				DEBUG_INFORMATION_FORMAT = "dwarf-with-dsym";
				GCC_ENABLE_OBJC_EXCEPTIONS = YES;
				HEADER_SEARCH_PATHS = ../oscpack;
				LIBRARY_SEARCH_PATHS = (
					"$(inherited)",
					"\"$(DEVELOPER_DIR)/code/oscpack/Mac/build/Release\"",
				);
				PRODUCT_NAME = "$(TARGET_NAME)";
			};
			name = Release;
		};
/* End XCBuildConfiguration section */

/* Begin XCConfigurationList section */
		4827847114336D260039E90F /* Build configuration list for PBXProject "PianoPlayer" */ = {
			isa = XCConfigurationList;
			buildConfigurations = (
				4827847E14336D260039E90F /* Debug */,
				4827847F14336D260039E90F /* Release */,
			);
			defaultConfigurationIsVisible = 0;
			defaultConfigurationName = Release;
		};
		4827848014336D260039E90F /* Build configuration list for PBXNativeTarget "PianoPlayer" */ = {
			isa = XCConfigurationList;
			buildConfigurations = (
				4827848114336D260039E90F /* Debug */,
				4827848214336D260039E90F /* Release */,
			);
			defaultConfigurationIsVisible = 0;
			defaultConfigurationName = Release;
		};
/* End XCConfigurationList section */
	};
	rootObject = 4827846E14336D260039E90F /* Project object */;
}
